
Microsoft Visual Studio Solution File, Format Version 12.00
# Visual Studio Version 16
VisualStudioVersion = 16.0.30011.22
MinimumVisualStudioVersion = 10.0.40219.1
Project("{FAE04EC0-301F-11D3-BF4B-00C04F79EFBC}") = "Term_Insurance_App", "Term_Insurance_App.csproj", "{92309787-EA19-4962-BA6C-FD8DD79FF11B}"
EndProject
Global
	GlobalSection(SolutionConfigurationPlatforms) = preSolution
		Debug|Any CPU = Debug|Any CPU
		Release|Any CPU = Release|Any CPU
	EndGlobalSection
	GlobalSection(ProjectConfigurationPlatforms) = postSolution
		{92309787-EA19-4962-BA6C-FD8DD79FF11B}.Debug|Any CPU.ActiveCfg = Debug|Any CPU
		{92309787-EA19-4962-BA6C-FD8DD79FF11B}.Debug|Any CPU.Build.0 = Debug|Any CPU
		{92309787-EA19-4962-BA6C-FD8DD79FF11B}.Release|Any CPU.ActiveCfg = Release|Any CPU
		{92309787-EA19-4962-BA6C-FD8DD79FF11B}.Release|Any CPU.Build.0 = Release|Any CPU
	EndGlobalSection
	GlobalSection(SolutionProperties) = preSolution
		HideSolutionNode = FALSE
	EndGlobalSection
	GlobalSection(ExtensibilityGlobals) = postSolution
		SolutionGuid = {EA71AE11-6709-4BFD-8B58-14DDF5BC016F}
	EndGlobalSection
EndGlobal
